
Microsoft Visual Studio Solution File, Format Version 12.00
# Visual Studio Version 17
VisualStudioVersion = 17.3.32901.215
MinimumVisualStudioVersion = 10.0.40219.1
Project("{FAE04EC0-301F-11D3-BF4B-00C04F79EFBC}") = "crud_class", "crud_class.csproj", "{73F7805B-5849-497A-907D-8F1BAF041EF3}"
EndProject
Global
	GlobalSection(SolutionConfigurationPlatforms) = preSolution
		Debug|Any CPU = Debug|Any CPU
		Release|Any CPU = Release|Any CPU
	EndGlobalSection
	GlobalSection(ProjectConfigurationPlatforms) = postSolution
		{73F7805B-5849-497A-907D-8F1BAF041EF3}.Debug|Any CPU.ActiveCfg = Debug|Any CPU
		{73F7805B-5849-497A-907D-8F1BAF041EF3}.Debug|Any CPU.Build.0 = Debug|Any CPU
		{73F7805B-5849-497A-907D-8F1BAF041EF3}.Release|Any CPU.ActiveCfg = Release|Any CPU
		{73F7805B-5849-497A-907D-8F1BAF041EF3}.Release|Any CPU.Build.0 = Release|Any CPU
	EndGlobalSection
	GlobalSection(SolutionProperties) = preSolution
		HideSolutionNode = FALSE
	EndGlobalSection
	GlobalSection(ExtensibilityGlobals) = postSolution
		SolutionGuid = {702E8684-1DDD-4496-8A6A-EAE196A931FE}
	EndGlobalSection
EndGlobal
